{
    "name": "plantae",
    "version": "1.0.0",
    "lockfileVersion": 3,
    "requires": true,
    "packages": {
        "": {
            "name": "plantae",
            "version": "1.0.0",
            "license": "ISC",
            "dependencies": {
                "clipboard-copy": "^3.2.0"
            }
        },
        "node_modules/clipboard-copy": {
            "version": "3.2.0",
            "resolved": "https://registry.npmjs.org/clipboard-copy/-/clipboard-copy-3.2.0.tgz",
            "integrity": "sha512-vooFaGFL6ulEP1liiaWFBmmfuPm3cY3y7T9eB83ZTnYc/oFeAKsq3NcDrOkBC8XaauEE8zHQwI7k0+JSYiVQSQ==",
            "funding": [
                {
                    "type": "github",
                    "url": "https://github.com/sponsors/feross"
                },
                {
                    "type": "patreon",
                    "url": "https://www.patreon.com/feross"
                },
                {
                    "type": "consulting",
                    "url": "https://feross.org/support"
                }
            ]
        }
    }
}
